
Microsoft Visual Studio Solution File, Format Version 12.00
# Visual Studio Version 16
VisualStudioVersion = 16.0.30503.244
MinimumVisualStudioVersion = 10.0.40219.1
Project("{2150E333-8FDC-42A3-9474-1A3956D46DE8}") = "BackEnd", "BackEnd", "{AA952F74-0478-4AB6-A8A5-609B692318CE}"
EndProject
Project("{9A19103F-16F7-4668-BE54-9A1E7A4F7556}") = "Cv.Models", "Cv.Models\Cv.Models.csproj", "{F1B602ED-8112-49FD-A1F0-2B89E13BD8B3}"
EndProject
Project("{9A19103F-16F7-4668-BE54-9A1E7A4F7556}") = "Cv.Dao", "Cv.Dao\Cv.Dao.csproj", "{476B4480-4DF4-4710-B4F2-363ABAE00B26}"
EndProject
Project("{9A19103F-16F7-4668-BE54-9A1E7A4F7556}") = "Cv.Repository", "Cv.Repository\Cv.Repository.csproj", "{F95D7E2B-FDA1-488A-B06F-8AF8FC95D31B}"
EndProject
Project("{9A19103F-16F7-4668-BE54-9A1E7A4F7556}") = "Cv.Business", "Cv.Business\Cv.Business.csproj", "{5292F8C3-9368-4C68-A339-98BAE34B4D04}"
EndProject
Project("{9A19103F-16F7-4668-BE54-9A1E7A4F7556}") = "Cv.Ioc", "Cv.Ioc\Cv.Ioc.csproj", "{E4AE5C67-FC9A-4C78-88AD-074DFAE1D77F}"
EndProject
Project("{2150E333-8FDC-42A3-9474-1A3956D46DE8}") = "FrontEnd", "FrontEnd", "{4C6EA387-17CA-411D-A9DF-F6132C6AA7F5}"
EndProject
Project("{9A19103F-16F7-4668-BE54-9A1E7A4F7556}") = "Cv.AppConsole", "Cv.Console\Cv.AppConsole.csproj", "{72E4AC66-40E8-4D28-858A-7F65A301B0AA}"
EndProject
Project("{2150E333-8FDC-42A3-9474-1A3956D46DE8}") = "Test", "Test", "{18BDA225-6004-4DB8-9A91-E5DD27F6B087}"
EndProject
Project("{9A19103F-16F7-4668-BE54-9A1E7A4F7556}") = "Cv.Test", "Cv.Test\Cv.Test.csproj", "{76AE6F6C-1459-4BF3-853D-A5F0D3DB4F8B}"
EndProject
Project("{9A19103F-16F7-4668-BE54-9A1E7A4F7556}") = "Cv.UI", "Cv.UI\Cv.UI.csproj", "{1C750098-E6AA-4060-9C42-C75C4B466EFD}"
EndProject
Global
	GlobalSection(SolutionConfigurationPlatforms) = preSolution
		Debug|Any CPU = Debug|Any CPU
		Release|Any CPU = Release|Any CPU
	EndGlobalSection
	GlobalSection(ProjectConfigurationPlatforms) = postSolution
		{F1B602ED-8112-49FD-A1F0-2B89E13BD8B3}.Debug|Any CPU.ActiveCfg = Debug|Any CPU
		{F1B602ED-8112-49FD-A1F0-2B89E13BD8B3}.Debug|Any CPU.Build.0 = Debug|Any CPU
		{F1B602ED-8112-49FD-A1F0-2B89E13BD8B3}.Release|Any CPU.ActiveCfg = Release|Any CPU
		{F1B602ED-8112-49FD-A1F0-2B89E13BD8B3}.Release|Any CPU.Build.0 = Release|Any CPU
		{476B4480-4DF4-4710-B4F2-363ABAE00B26}.Debug|Any CPU.ActiveCfg = Debug|Any CPU
		{476B4480-4DF4-4710-B4F2-363ABAE00B26}.Debug|Any CPU.Build.0 = Debug|Any CPU
		{476B4480-4DF4-4710-B4F2-363ABAE00B26}.Release|Any CPU.ActiveCfg = Release|Any CPU
		{476B4480-4DF4-4710-B4F2-363ABAE00B26}.Release|Any CPU.Build.0 = Release|Any CPU
		{F95D7E2B-FDA1-488A-B06F-8AF8FC95D31B}.Debug|Any CPU.ActiveCfg = Debug|Any CPU
		{F95D7E2B-FDA1-488A-B06F-8AF8FC95D31B}.Debug|Any CPU.Build.0 = Debug|Any CPU
		{F95D7E2B-FDA1-488A-B06F-8AF8FC95D31B}.Release|Any CPU.ActiveCfg = Release|Any CPU
		{F95D7E2B-FDA1-488A-B06F-8AF8FC95D31B}.Release|Any CPU.Build.0 = Release|Any CPU
		{5292F8C3-9368-4C68-A339-98BAE34B4D04}.Debug|Any CPU.ActiveCfg = Debug|Any CPU
		{5292F8C3-9368-4C68-A339-98BAE34B4D04}.Debug|Any CPU.Build.0 = Debug|Any CPU
		{5292F8C3-9368-4C68-A339-98BAE34B4D04}.Release|Any CPU.ActiveCfg = Release|Any CPU
		{5292F8C3-9368-4C68-A339-98BAE34B4D04}.Release|Any CPU.Build.0 = Release|Any CPU
		{E4AE5C67-FC9A-4C78-88AD-074DFAE1D77F}.Debug|Any CPU.ActiveCfg = Debug|Any CPU
		{E4AE5C67-FC9A-4C78-88AD-074DFAE1D77F}.Debug|Any CPU.Build.0 = Debug|Any CPU
		{E4AE5C67-FC9A-4C78-88AD-074DFAE1D77F}.Release|Any CPU.ActiveCfg = Release|Any CPU
		{E4AE5C67-FC9A-4C78-88AD-074DFAE1D77F}.Release|Any CPU.Build.0 = Release|Any CPU
		{72E4AC66-40E8-4D28-858A-7F65A301B0AA}.Debug|Any CPU.ActiveCfg = Debug|Any CPU
		{72E4AC66-40E8-4D28-858A-7F65A301B0AA}.Debug|Any CPU.Build.0 = Debug|Any CPU
		{72E4AC66-40E8-4D28-858A-7F65A301B0AA}.Release|Any CPU.ActiveCfg = Release|Any CPU
		{72E4AC66-40E8-4D28-858A-7F65A301B0AA}.Release|Any CPU.Build.0 = Release|Any CPU
		{76AE6F6C-1459-4BF3-853D-A5F0D3DB4F8B}.Debug|Any CPU.ActiveCfg = Debug|Any CPU
		{76AE6F6C-1459-4BF3-853D-A5F0D3DB4F8B}.Debug|Any CPU.Build.0 = Debug|Any CPU
		{76AE6F6C-1459-4BF3-853D-A5F0D3DB4F8B}.Release|Any CPU.ActiveCfg = Release|Any CPU
		{76AE6F6C-1459-4BF3-853D-A5F0D3DB4F8B}.Release|Any CPU.Build.0 = Release|Any CPU
		{1C750098-E6AA-4060-9C42-C75C4B466EFD}.Debug|Any CPU.ActiveCfg = Debug|Any CPU
		{1C750098-E6AA-4060-9C42-C75C4B466EFD}.Debug|Any CPU.Build.0 = Debug|Any CPU
		{1C750098-E6AA-4060-9C42-C75C4B466EFD}.Release|Any CPU.ActiveCfg = Release|Any CPU
		{1C750098-E6AA-4060-9C42-C75C4B466EFD}.Release|Any CPU.Build.0 = Release|Any CPU
	EndGlobalSection
	GlobalSection(SolutionProperties) = preSolution
		HideSolutionNode = FALSE
	EndGlobalSection
	GlobalSection(NestedProjects) = preSolution
		{F1B602ED-8112-49FD-A1F0-2B89E13BD8B3} = {AA952F74-0478-4AB6-A8A5-609B692318CE}
		{476B4480-4DF4-4710-B4F2-363ABAE00B26} = {AA952F74-0478-4AB6-A8A5-609B692318CE}
		{F95D7E2B-FDA1-488A-B06F-8AF8FC95D31B} = {AA952F74-0478-4AB6-A8A5-609B692318CE}
		{5292F8C3-9368-4C68-A339-98BAE34B4D04} = {AA952F74-0478-4AB6-A8A5-609B692318CE}
		{E4AE5C67-FC9A-4C78-88AD-074DFAE1D77F} = {AA952F74-0478-4AB6-A8A5-609B692318CE}
		{72E4AC66-40E8-4D28-858A-7F65A301B0AA} = {4C6EA387-17CA-411D-A9DF-F6132C6AA7F5}
		{76AE6F6C-1459-4BF3-853D-A5F0D3DB4F8B} = {18BDA225-6004-4DB8-9A91-E5DD27F6B087}
		{1C750098-E6AA-4060-9C42-C75C4B466EFD} = {4C6EA387-17CA-411D-A9DF-F6132C6AA7F5}
	EndGlobalSection
	GlobalSection(ExtensibilityGlobals) = postSolution
		SolutionGuid = {51B01E51-B920-445E-9653-08045CDA99DF}
	EndGlobalSection
EndGlobal
